
Microsoft Visual Studio Solution File, Format Version 12.00
# Visual Studio Version 16
VisualStudioVersion = 16.0.28803.156
MinimumVisualStudioVersion = 10.0.40219.1
Project("{FAE04EC0-301F-11D3-BF4B-00C04F79EFBC}") = "SketchIt.Api", "SketchIt.Api\SketchIt.Api.csproj", "{ABBF752C-958B-4059-A3DF-690FBA4A4457}"
EndProject
Project("{FAE04EC0-301F-11D3-BF4B-00C04F79EFBC}") = "SketchIt.Windows", "SketchIt.Windows\SketchIt.Windows.csproj", "{05B73BDB-BD02-4C74-BECA-584BBA6D481E}"
EndProject
Project("{FAE04EC0-301F-11D3-BF4B-00C04F79EFBC}") = "SketchIt", "SketchIt\SketchIt.csproj", "{901A6DA5-CC2D-4AA2-B7D1-9AE7FE58DEDB}"
EndProject
Project("{FAE04EC0-301F-11D3-BF4B-00C04F79EFBC}") = "SketchIt.Video", "SketchIt.Video\SketchIt.Video.csproj", "{48DA9948-538C-4C47-ABB2-9B8664A16F0A}"
EndProject
Project("{FAE04EC0-301F-11D3-BF4B-00C04F79EFBC}") = "SketchIt.Sound", "SketchIt.Audio\SketchIt.Sound.csproj", "{E7D1BA5B-0FF7-46E2-98E3-1E175C8FC7A9}"
EndProject
Project("{FAE04EC0-301F-11D3-BF4B-00C04F79EFBC}") = "SketchIt.Windows.Renderers", "SketchIt.Windows.Renderers\SketchIt.Windows.Renderers.csproj", "{F30BD137-CD02-48F7-ABE7-02537F25268C}"
EndProject
Project("{9A19103F-16F7-4668-BE54-9A1E7A4F7556}") = "SketchIt.Api.NetStandard", "SketchIt.Api.NetStandard\SketchIt.Api.NetStandard.csproj", "{D568790A-A35A-418B-A98D-5D9E1688E71D}"
EndProject
Global
	GlobalSection(SolutionConfigurationPlatforms) = preSolution
		Debug|Any CPU = Debug|Any CPU
		Release|Any CPU = Release|Any CPU
	EndGlobalSection
	GlobalSection(ProjectConfigurationPlatforms) = postSolution
		{ABBF752C-958B-4059-A3DF-690FBA4A4457}.Debug|Any CPU.ActiveCfg = Debug|Any CPU
		{ABBF752C-958B-4059-A3DF-690FBA4A4457}.Debug|Any CPU.Build.0 = Debug|Any CPU
		{ABBF752C-958B-4059-A3DF-690FBA4A4457}.Release|Any CPU.ActiveCfg = Release|Any CPU
		{ABBF752C-958B-4059-A3DF-690FBA4A4457}.Release|Any CPU.Build.0 = Release|Any CPU
		{05B73BDB-BD02-4C74-BECA-584BBA6D481E}.Debug|Any CPU.ActiveCfg = Debug|Any CPU
		{05B73BDB-BD02-4C74-BECA-584BBA6D481E}.Debug|Any CPU.Build.0 = Debug|Any CPU
		{05B73BDB-BD02-4C74-BECA-584BBA6D481E}.Release|Any CPU.ActiveCfg = Release|Any CPU
		{05B73BDB-BD02-4C74-BECA-584BBA6D481E}.Release|Any CPU.Build.0 = Release|Any CPU
		{901A6DA5-CC2D-4AA2-B7D1-9AE7FE58DEDB}.Debug|Any CPU.ActiveCfg = Debug|Any CPU
		{901A6DA5-CC2D-4AA2-B7D1-9AE7FE58DEDB}.Debug|Any CPU.Build.0 = Debug|Any CPU
		{901A6DA5-CC2D-4AA2-B7D1-9AE7FE58DEDB}.Release|Any CPU.ActiveCfg = Release|Any CPU
		{901A6DA5-CC2D-4AA2-B7D1-9AE7FE58DEDB}.Release|Any CPU.Build.0 = Release|Any CPU
		{48DA9948-538C-4C47-ABB2-9B8664A16F0A}.Debug|Any CPU.ActiveCfg = Debug|Any CPU
		{48DA9948-538C-4C47-ABB2-9B8664A16F0A}.Debug|Any CPU.Build.0 = Debug|Any CPU
		{48DA9948-538C-4C47-ABB2-9B8664A16F0A}.Release|Any CPU.ActiveCfg = Release|Any CPU
		{48DA9948-538C-4C47-ABB2-9B8664A16F0A}.Release|Any CPU.Build.0 = Release|Any CPU
		{E7D1BA5B-0FF7-46E2-98E3-1E175C8FC7A9}.Debug|Any CPU.ActiveCfg = Debug|Any CPU
		{E7D1BA5B-0FF7-46E2-98E3-1E175C8FC7A9}.Debug|Any CPU.Build.0 = Debug|Any CPU
		{E7D1BA5B-0FF7-46E2-98E3-1E175C8FC7A9}.Release|Any CPU.ActiveCfg = Release|Any CPU
		{E7D1BA5B-0FF7-46E2-98E3-1E175C8FC7A9}.Release|Any CPU.Build.0 = Release|Any CPU
		{F30BD137-CD02-48F7-ABE7-02537F25268C}.Debug|Any CPU.ActiveCfg = Debug|Any CPU
		{F30BD137-CD02-48F7-ABE7-02537F25268C}.Debug|Any CPU.Build.0 = Debug|Any CPU
		{F30BD137-CD02-48F7-ABE7-02537F25268C}.Release|Any CPU.ActiveCfg = Release|Any CPU
		{F30BD137-CD02-48F7-ABE7-02537F25268C}.Release|Any CPU.Build.0 = Release|Any CPU
		{D568790A-A35A-418B-A98D-5D9E1688E71D}.Debug|Any CPU.ActiveCfg = Debug|Any CPU
		{D568790A-A35A-418B-A98D-5D9E1688E71D}.Debug|Any CPU.Build.0 = Debug|Any CPU
		{D568790A-A35A-418B-A98D-5D9E1688E71D}.Release|Any CPU.ActiveCfg = Release|Any CPU
		{D568790A-A35A-418B-A98D-5D9E1688E71D}.Release|Any CPU.Build.0 = Release|Any CPU
	EndGlobalSection
	GlobalSection(SolutionProperties) = preSolution
		HideSolutionNode = FALSE
	EndGlobalSection
	GlobalSection(ExtensibilityGlobals) = postSolution
		SolutionGuid = {3BB7529A-63DC-42CF-B2E2-19E68407E5BB}
	EndGlobalSection
EndGlobal
